{
  "originHash" : "a292f38bf294bf441fe81e08dda4a7845fe285ed9acd89af8a05a0db14514469",
  "pins" : [
    {
      "identity" : "gateway-sdk-kit",
      "kind" : "remoteSourceControl",
      "location" : "https://github.com/tacogips/gateway-sdk-kit.git",
      "state" : {
        "revision" : "4d4b56c686f6875defccb54f74e2276022eb524e",
        "version" : "0.1.0"
      }
    },
    {
      "identity" : "google-gateway-auth",
      "kind" : "remoteSourceControl",
      "location" : "https://github.com/tacogips/google-gateway-auth.git",
      "state" : {
        "revision" : "13c40e24b11da9bab17046a918630fbb6aa6c147"
      }
    }
  ],
  "version" : 3
}
