{
  "originHash" : "d39b1b57f2cd88d77638b6db5d24c5899b7a6c14ef318cbcbd9708ae88e58455",
  "pins" : [
    {
      "identity" : "gateway-sdk-kit",
      "kind" : "remoteSourceControl",
      "location" : "https://github.com/tacogips/gateway-sdk-kit.git",
      "state" : {
        "revision" : "4d4b56c686f6875defccb54f74e2276022eb524e",
        "version" : "0.1.0"
      }
    },
    {
      "identity" : "google-gateway-auth",
      "kind" : "remoteSourceControl",
      "location" : "https://github.com/tacogips/google-gateway-auth.git",
      "state" : {
        "revision" : "48e0112fb5eb057cf012194cfffaa2581ba29d76"
      }
    }
  ],
  "version" : 3
}
